
Microsoft Visual Studio Solution File, Format Version 12.00
# Visual Studio 15
VisualStudioVersion = 15.0.34320.172
MinimumVisualStudioVersion = 10.0.40219.1
Project("{FAE04EC0-301F-11D3-BF4B-00C04F79EFBC}") = "serverHttpPut", "serverHttpPut\serverHttpPut.csproj", "{5B6A74A8-F91E-47C4-A8B3-D4E3E5C3D00E}"
EndProject
Global
	GlobalSection(SolutionConfigurationPlatforms) = preSolution
		Debug|Any CPU = Debug|Any CPU
		Release|Any CPU = Release|Any CPU
	EndGlobalSection
	GlobalSection(ProjectConfigurationPlatforms) = postSolution
		{5B6A74A8-F91E-47C4-A8B3-D4E3E5C3D00E}.Debug|Any CPU.ActiveCfg = Debug|Any CPU
		{5B6A74A8-F91E-47C4-A8B3-D4E3E5C3D00E}.Debug|Any CPU.Build.0 = Debug|Any CPU
		{5B6A74A8-F91E-47C4-A8B3-D4E3E5C3D00E}.Release|Any CPU.ActiveCfg = Release|Any CPU
		{5B6A74A8-F91E-47C4-A8B3-D4E3E5C3D00E}.Release|Any CPU.Build.0 = Release|Any CPU
	EndGlobalSection
	GlobalSection(SolutionProperties) = preSolution
		HideSolutionNode = FALSE
	EndGlobalSection
	GlobalSection(ExtensibilityGlobals) = postSolution
		SolutionGuid = {8C298514-47EB-4347-ADCD-7AA2396710C7}
	EndGlobalSection
EndGlobal
